// !$*UTF8*$!
{
	archiveVersion = 1;
	classes = {
	};
	objectVersion = 48;
	objects = {

/* Begin PBXBuildFile section */
		0A329CEE11E5618D6A6BBB85 /* Pods_OYE.framework in Frameworks */ = {isa = PBXBuildFile; fileRef = B256DA8930A0F28B138729EB /* Pods_OYE.framework */; };
		6BE755A31F7F4A71004C88AB /* AppDelegate.swift in Sources */ = {isa = PBXBuildFile; fileRef = 6BE755A21F7F4A71004C88AB /* AppDelegate.swift */; };
		6BE755A51F7F4A71004C88AB /* ViewController.swift in Sources */ = {isa = PBXBuildFile; fileRef = 6BE755A41F7F4A71004C88AB /* ViewController.swift */; };
		6BE755A81F7F4A71004C88AB /* Main.storyboard in Resources */ = {isa = PBXBuildFile; fileRef = 6BE755A61F7F4A71004C88AB /* Main.storyboard */; };
		6BE755AA1F7F4A71004C88AB /* Assets.xcassets in Resources */ = {isa = PBXBuildFile; fileRef = 6BE755A91F7F4A71004C88AB /* Assets.xcassets */; };
		6BE755AD1F7F4A71004C88AB /* LaunchScreen.storyboard in Resources */ = {isa = PBXBuildFile; fileRef = 6BE755AB1F7F4A71004C88AB /* LaunchScreen.storyboard */; };
		6BE755F61F7F7CD3004C88AB /* Player.swift in Sources */ = {isa = PBXBuildFile; fileRef = 6BE755F31F7F7CB3004C88AB /* Player.swift */; };
		6BE755F71F7F7CD6004C88AB /* PlayerPreview.swift in Sources */ = {isa = PBXBuildFile; fileRef = 6BE755F41F7F7CB3004C88AB /* PlayerPreview.swift */; };
		6BE755F81F7F7CD8004C88AB /* PlayerView.swift in Sources */ = {isa = PBXBuildFile; fileRef = 6BE755F51F7F7CB3004C88AB /* PlayerView.swift */; };
/* End PBXBuildFile section */

/* Begin PBXCopyFilesBuildPhase section */
		6BE755E01F7F4E52004C88AB /* Embed Frameworks */ = {
			isa = PBXCopyFilesBuildPhase;
			buildActionMask = 2147483647;
			dstPath = "";
			dstSubfolderSpec = 10;
			files = (
			);
			name = "Embed Frameworks";
			runOnlyForDeploymentPostprocessing = 0;
		};
/* End PBXCopyFilesBuildPhase section */

/* Begin PBXFileReference section */
		6BE7559F1F7F4A71004C88AB /* OYE.app */ = {isa = PBXFileReference; explicitFileType = wrapper.application; includeInIndex = 0; path = OYE.app; sourceTree = BUILT_PRODUCTS_DIR; };
		6BE755A21F7F4A71004C88AB /* AppDelegate.swift */ = {isa = PBXFileReference; lastKnownFileType = sourcecode.swift; path = AppDelegate.swift; sourceTree = "<group>"; };
		6BE755A41F7F4A71004C88AB /* ViewController.swift */ = {isa = PBXFileReference; lastKnownFileType = sourcecode.swift; path = ViewController.swift; sourceTree = "<group>"; };
		6BE755A71F7F4A71004C88AB /* Base */ = {isa = PBXFileReference; lastKnownFileType = file.storyboard; name = Base; path = Base.lproj/Main.storyboard; sourceTree = "<group>"; };
		6BE755A91F7F4A71004C88AB /* Assets.xcassets */ = {isa = PBXFileReference; lastKnownFileType = folder.assetcatalog; path = Assets.xcassets; sourceTree = "<group>"; };
		6BE755AC1F7F4A71004C88AB /* Base */ = {isa = PBXFileReference; lastKnownFileType = file.storyboard; name = Base; path = Base.lproj/LaunchScreen.storyboard; sourceTree = "<group>"; };
		6BE755AE1F7F4A71004C88AB /* Info.plist */ = {isa = PBXFileReference; lastKnownFileType = text.plist.xml; path = Info.plist; sourceTree = "<group>"; };
		6BE755E91F7F6EB5004C88AB /* TheOscars.mp4 */ = {isa = PBXFileReference; lastKnownFileType = file; path = TheOscars.mp4; sourceTree = "<group>"; };
		6BE755F31F7F7CB3004C88AB /* Player.swift */ = {isa = PBXFileReference; lastKnownFileType = sourcecode.swift; path = Player.swift; sourceTree = "<group>"; };
		6BE755F41F7F7CB3004C88AB /* PlayerPreview.swift */ = {isa = PBXFileReference; lastKnownFileType = sourcecode.swift; path = PlayerPreview.swift; sourceTree = "<group>"; };
		6BE755F51F7F7CB3004C88AB /* PlayerView.swift */ = {isa = PBXFileReference; lastKnownFileType = sourcecode.swift; path = PlayerView.swift; sourceTree = "<group>"; };
		6D642C55F649F74C41EB83BD /* Pods-OYE.release.xcconfig */ = {isa = PBXFileReference; includeInIndex = 1; lastKnownFileType = text.xcconfig; name = "Pods-OYE.release.xcconfig"; path = "Pods/Target Support Files/Pods-OYE/Pods-OYE.release.xcconfig"; sourceTree = "<group>"; };
		B256DA8930A0F28B138729EB /* Pods_OYE.framework */ = {isa = PBXFileReference; explicitFileType = wrapper.framework; includeInIndex = 0; path = Pods_OYE.framework; sourceTree = BUILT_PRODUCTS_DIR; };
		E176EDED2F4C9CC523977688 /* Pods-OYE.debug.xcconfig */ = {isa = PBXFileReference; includeInIndex = 1; lastKnownFileType = text.xcconfig; name = "Pods-OYE.debug.xcconfig"; path = "Pods/Target Support Files/Pods-OYE/Pods-OYE.debug.xcconfig"; sourceTree = "<group>"; };
/* End PBXFileReference section */

/* Begin PBXFrameworksBuildPhase section */
		6BE7559C1F7F4A71004C88AB /* Frameworks */ = {
			isa = PBXFrameworksBuildPhase;
			buildActionMask = 2147483647;
			files = (
				0A329CEE11E5618D6A6BBB85 /* Pods_OYE.framework in Frameworks */,
			);
			runOnlyForDeploymentPostprocessing = 0;
		};
/* End PBXFrameworksBuildPhase section */

/* Begin PBXGroup section */
		6BE755961F7F4A71004C88AB = {
			isa = PBXGroup;
			children = (
				6BE755A11F7F4A71004C88AB /* OYE */,
				6BE755A01F7F4A71004C88AB /* Products */,
				D525334E6DA127A2B0BAEABB /* Pods */,
				7F42B0E075C6A5B86A5893CA /* Frameworks */,
			);
			sourceTree = "<group>";
		};
		6BE755A01F7F4A71004C88AB /* Products */ = {
			isa = PBXGroup;
			children = (
				6BE7559F1F7F4A71004C88AB /* OYE.app */,
			);
			name = Products;
			sourceTree = "<group>";
		};
		6BE755A11F7F4A71004C88AB /* OYE */ = {
			isa = PBXGroup;
			children = (
				6BE755F21F7F7CB3004C88AB /* Player */,
				6BE755A21F7F4A71004C88AB /* AppDelegate.swift */,
				6BE755A41F7F4A71004C88AB /* ViewController.swift */,
				6BE755A61F7F4A71004C88AB /* Main.storyboard */,
				6BE755A91F7F4A71004C88AB /* Assets.xcassets */,
				6BE755AB1F7F4A71004C88AB /* LaunchScreen.storyboard */,
				6BE755AE1F7F4A71004C88AB /* Info.plist */,
				6BE755E91F7F6EB5004C88AB /* TheOscars.mp4 */,
			);
			path = OYE;
			sourceTree = "<group>";
		};
		6BE755F21F7F7CB3004C88AB /* Player */ = {
			isa = PBXGroup;
			children = (
				6BE755F31F7F7CB3004C88AB /* Player.swift */,
				6BE755F41F7F7CB3004C88AB /* PlayerPreview.swift */,
				6BE755F51F7F7CB3004C88AB /* PlayerView.swift */,
			);
			path = Player;
			sourceTree = "<group>";
		};
		7F42B0E075C6A5B86A5893CA /* Frameworks */ = {
			isa = PBXGroup;
			children = (
				B256DA8930A0F28B138729EB /* Pods_OYE.framework */,
			);
			name = Frameworks;
			sourceTree = "<group>";
		};
		D525334E6DA127A2B0BAEABB /* Pods */ = {
			isa = PBXGroup;
			children = (
				E176EDED2F4C9CC523977688 /* Pods-OYE.debug.xcconfig */,
				6D642C55F649F74C41EB83BD /* Pods-OYE.release.xcconfig */,
			);
			name = Pods;
			sourceTree = "<group>";
		};
/* End PBXGroup section */

/* Begin PBXNativeTarget section */
		6BE7559E1F7F4A71004C88AB /* OYE */ = {
			isa = PBXNativeTarget;
			buildConfigurationList = 6BE755B11F7F4A71004C88AB /* Build configuration list for PBXNativeTarget "OYE" */;
			buildPhases = (
				F297D05B30F5576FAF847B9A /* [CP] Check Pods Manifest.lock */,
				6BE7559B1F7F4A71004C88AB /* Sources */,
				6BE7559C1F7F4A71004C88AB /* Frameworks */,
				6BE7559D1F7F4A71004C88AB /* Resources */,
				B0832562D519FA4C5C088653 /* [CP] Embed Pods Frameworks */,
				73020FBE830ECB8B7DF66841 /* [CP] Copy Pods Resources */,
				6BE755E01F7F4E52004C88AB /* Embed Frameworks */,
			);
			buildRules = (
			);
			dependencies = (
			);
			name = OYE;
			productName = OYE;
			productReference = 6BE7559F1F7F4A71004C88AB /* OYE.app */;
			productType = "com.apple.product-type.application";
		};
/* End PBXNativeTarget section */

/* Begin PBXProject section */
		6BE755971F7F4A71004C88AB /* Project object */ = {
			isa = PBXProject;
			attributes = {
				LastSwiftUpdateCheck = 0900;
				LastUpgradeCheck = 0900;
				ORGANIZATIONNAME = "JiangtaoMa<majt@hiscene.com>";
				TargetAttributes = {
					6BE7559E1F7F4A71004C88AB = {
						CreatedOnToolsVersion = 9.0;
						ProvisioningStyle = Automatic;
					};
				};
			};
			buildConfigurationList = 6BE7559A1F7F4A71004C88AB /* Build configuration list for PBXProject "OYE" */;
			compatibilityVersion = "Xcode 8.0";
			developmentRegion = en;
			hasScannedForEncodings = 0;
			knownRegions = (
				en,
				Base,
			);
			mainGroup = 6BE755961F7F4A71004C88AB;
			productRefGroup = 6BE755A01F7F4A71004C88AB /* Products */;
			projectDirPath = "";
			projectRoot = "";
			targets = (
				6BE7559E1F7F4A71004C88AB /* OYE */,
			);
		};
/* End PBXProject section */

/* Begin PBXResourcesBuildPhase section */
		6BE7559D1F7F4A71004C88AB /* Resources */ = {
			isa = PBXResourcesBuildPhase;
			buildActionMask = 2147483647;
			files = (
				6BE755AD1F7F4A71004C88AB /* LaunchScreen.storyboard in Resources */,
				6BE755AA1F7F4A71004C88AB /* Assets.xcassets in Resources */,
				6BE755A81F7F4A71004C88AB /* Main.storyboard in Resources */,
			);
			runOnlyForDeploymentPostprocessing = 0;
		};
/* End PBXResourcesBuildPhase section */

/* Begin PBXShellScriptBuildPhase section */
		73020FBE830ECB8B7DF66841 /* [CP] Copy Pods Resources */ = {
			isa = PBXShellScriptBuildPhase;
			buildActionMask = 2147483647;
			files = (
			);
			inputPaths = (
			);
			name = "[CP] Copy Pods Resources";
			outputPaths = (
			);
			runOnlyForDeploymentPostprocessing = 0;
			shellPath = /bin/sh;
			shellScript = "\"${SRCROOT}/Pods/Target Support Files/Pods-OYE/Pods-OYE-resources.sh\"\n";
			showEnvVarsInLog = 0;
		};
		B0832562D519FA4C5C088653 /* [CP] Embed Pods Frameworks */ = {
			isa = PBXShellScriptBuildPhase;
			buildActionMask = 2147483647;
			files = (
			);
			inputPaths = (
			);
			name = "[CP] Embed Pods Frameworks";
			outputPaths = (
			);
			runOnlyForDeploymentPostprocessing = 0;
			shellPath = /bin/sh;
			shellScript = "\"${SRCROOT}/Pods/Target Support Files/Pods-OYE/Pods-OYE-frameworks.sh\"\n";
			showEnvVarsInLog = 0;
		};
		F297D05B30F5576FAF847B9A /* [CP] Check Pods Manifest.lock */ = {
			isa = PBXShellScriptBuildPhase;
			buildActionMask = 2147483647;
			files = (
			);
			inputPaths = (
			);
			name = "[CP] Check Pods Manifest.lock";
			outputPaths = (
			);
			runOnlyForDeploymentPostprocessing = 0;
			shellPath = /bin/sh;
			shellScript = "diff \"${PODS_ROOT}/../Podfile.lock\" \"${PODS_ROOT}/Manifest.lock\" > /dev/null\nif [ $? != 0 ] ; then\n    # print error to STDERR\n    echo \"error: The sandbox is not in sync with the Podfile.lock. Run 'pod install' or update your CocoaPods installation.\" >&2\n    exit 1\nfi\n";
			showEnvVarsInLog = 0;
		};
/* End PBXShellScriptBuildPhase section */

/* Begin PBXSourcesBuildPhase section */
		6BE7559B1F7F4A71004C88AB /* Sources */ = {
			isa = PBXSourcesBuildPhase;
			buildActionMask = 2147483647;
			files = (
				6BE755A51F7F4A71004C88AB /* ViewController.swift in Sources */,
				6BE755A31F7F4A71004C88AB /* AppDelegate.swift in Sources */,
				6BE755F61F7F7CD3004C88AB /* Player.swift in Sources */,
				6BE755F71F7F7CD6004C88AB /* PlayerPreview.swift in Sources */,
				6BE755F81F7F7CD8004C88AB /* PlayerView.swift in Sources */,
			);
			runOnlyForDeploymentPostprocessing = 0;
		};
/* End PBXSourcesBuildPhase section */

/* Begin PBXVariantGroup section */
		6BE755A61F7F4A71004C88AB /* Main.storyboard */ = {
			isa = PBXVariantGroup;
			children = (
				6BE755A71F7F4A71004C88AB /* Base */,
			);
			name = Main.storyboard;
			sourceTree = "<group>";
		};
		6BE755AB1F7F4A71004C88AB /* LaunchScreen.storyboard */ = {
			isa = PBXVariantGroup;
			children = (
				6BE755AC1F7F4A71004C88AB /* Base */,
			);
			name = LaunchScreen.storyboard;
			sourceTree = "<group>";
		};
/* End PBXVariantGroup section */

/* Begin XCBuildConfiguration section */
		6BE755AF1F7F4A71004C88AB /* Debug */ = {
			isa = XCBuildConfiguration;
			buildSettings = {
				ALWAYS_SEARCH_USER_PATHS = NO;
				CLANG_ANALYZER_NONNULL = YES;
				CLANG_ANALYZER_NUMBER_OBJECT_CONVERSION = YES_AGGRESSIVE;
				CLANG_CXX_LANGUAGE_STANDARD = "gnu++14";
				CLANG_CXX_LIBRARY = "libc++";
				CLANG_ENABLE_MODULES = YES;
				CLANG_ENABLE_OBJC_ARC = YES;
				CLANG_WARN_BLOCK_CAPTURE_AUTORELEASING = YES;
				CLANG_WARN_BOOL_CONVERSION = YES;
				CLANG_WARN_COMMA = YES;
				CLANG_WARN_CONSTANT_CONVERSION = YES;
				CLANG_WARN_DIRECT_OBJC_ISA_USAGE = YES_ERROR;
				CLANG_WARN_DOCUMENTATION_COMMENTS = YES;
				CLANG_WARN_EMPTY_BODY = YES;
				CLANG_WARN_ENUM_CONVERSION = YES;
				CLANG_WARN_INFINITE_RECURSION = YES;
				CLANG_WARN_INT_CONVERSION = YES;
				CLANG_WARN_NON_LITERAL_NULL_CONVERSION = YES;
				CLANG_WARN_OBJC_LITERAL_CONVERSION = YES;
				CLANG_WARN_OBJC_ROOT_CLASS = YES_ERROR;
				CLANG_WARN_RANGE_LOOP_ANALYSIS = YES;
				CLANG_WARN_STRICT_PROTOTYPES = YES;
				CLANG_WARN_SUSPICIOUS_MOVE = YES;
				CLANG_WARN_UNGUARDED_AVAILABILITY = YES_AGGRESSIVE;
				CLANG_WARN_UNREACHABLE_CODE = YES;
				CLANG_WARN__DUPLICATE_METHOD_MATCH = YES;
				CODE_SIGN_IDENTITY = "iPhone Developer";
				COPY_PHASE_STRIP = NO;
				DEBUG_INFORMATION_FORMAT = dwarf;
				ENABLE_STRICT_OBJC_MSGSEND = YES;
				ENABLE_TESTABILITY = YES;
				GCC_C_LANGUAGE_STANDARD = gnu11;
				GCC_DYNAMIC_NO_PIC = NO;
				GCC_NO_COMMON_BLOCKS = YES;
				GCC_OPTIMIZATION_LEVEL = 0;
				GCC_PREPROCESSOR_DEFINITIONS = (
					"DEBUG=1",
					"$(inherited)",
				);
				GCC_WARN_64_TO_32_BIT_CONVERSION = YES;
				GCC_WARN_ABOUT_RETURN_TYPE = YES_ERROR;
				GCC_WARN_UNDECLARED_SELECTOR = YES;
				GCC_WARN_UNINITIALIZED_AUTOS = YES_AGGRESSIVE;
				GCC_WARN_UNUSED_FUNCTION = YES;
				GCC_WARN_UNUSED_VARIABLE = YES;
				IPHONEOS_DEPLOYMENT_TARGET = 11.0;
				MTL_ENABLE_DEBUG_INFO = YES;
				ONLY_ACTIVE_ARCH = YES;
				SDKROOT = iphoneos;
				SWIFT_ACTIVE_COMPILATION_CONDITIONS = DEBUG;
				SWIFT_OPTIMIZATION_LEVEL = "-Onone";
			};
			name = Debug;
		};
		6BE755B01F7F4A71004C88AB /* Release */ = {
			isa = XCBuildConfiguration;
			buildSettings = {
				ALWAYS_SEARCH_USER_PATHS = NO;
				CLANG_ANALYZER_NONNULL = YES;
				CLANG_ANALYZER_NUMBER_OBJECT_CONVERSION = YES_AGGRESSIVE;
				CLANG_CXX_LANGUAGE_STANDARD = "gnu++14";
				CLANG_CXX_LIBRARY = "libc++";
				CLANG_ENABLE_MODULES = YES;
				CLANG_ENABLE_OBJC_ARC = YES;
				CLANG_WARN_BLOCK_CAPTURE_AUTORELEASING = YES;
				CLANG_WARN_BOOL_CONVERSION = YES;
				CLANG_WARN_COMMA = YES;
				CLANG_WARN_CONSTANT_CONVERSION = YES;
				CLANG_WARN_DIRECT_OBJC_ISA_USAGE = YES_ERROR;
				CLANG_WARN_DOCUMENTATION_COMMENTS = YES;
				CLANG_WARN_EMPTY_BODY = YES;
				CLANG_WARN_ENUM_CONVERSION = YES;
				CLANG_WARN_INFINITE_RECURSION = YES;
				CLANG_WARN_INT_CONVERSION = YES;
				CLANG_WARN_NON_LITERAL_NULL_CONVERSION = YES;
				CLANG_WARN_OBJC_LITERAL_CONVERSION = YES;
				CLANG_WARN_OBJC_ROOT_CLASS = YES_ERROR;
				CLANG_WARN_RANGE_LOOP_ANALYSIS = YES;
				CLANG_WARN_STRICT_PROTOTYPES = YES;
				CLANG_WARN_SUSPICIOUS_MOVE = YES;
				CLANG_WARN_UNGUARDED_AVAILABILITY = YES_AGGRESSIVE;
				CLANG_WARN_UNREACHABLE_CODE = YES;
				CLANG_WARN__DUPLICATE_METHOD_MATCH = YES;
				CODE_SIGN_IDENTITY = "iPhone Developer";
				COPY_PHASE_STRIP = NO;
				DEBUG_INFORMATION_FORMAT = "dwarf-with-dsym";
				ENABLE_NS_ASSERTIONS = NO;
				ENABLE_STRICT_OBJC_MSGSEND = YES;
				GCC_C_LANGUAGE_STANDARD = gnu11;
				GCC_NO_COMMON_BLOCKS = YES;
				GCC_WARN_64_TO_32_BIT_CONVERSION = YES;
				GCC_WARN_ABOUT_RETURN_TYPE = YES_ERROR;
				GCC_WARN_UNDECLARED_SELECTOR = YES;
				GCC_WARN_UNINITIALIZED_AUTOS = YES_AGGRESSIVE;
				GCC_WARN_UNUSED_FUNCTION = YES;
				GCC_WARN_UNUSED_VARIABLE = YES;
				IPHONEOS_DEPLOYMENT_TARGET = 11.0;
				MTL_ENABLE_DEBUG_INFO = NO;
				SDKROOT = iphoneos;
				SWIFT_OPTIMIZATION_LEVEL = "-Owholemodule";
				VALIDATE_PRODUCT = YES;
			};
			name = Release;
		};
		6BE755B21F7F4A71004C88AB /* Debug */ = {
			isa = XCBuildConfiguration;
			baseConfigurationReference = E176EDED2F4C9CC523977688 /* Pods-OYE.debug.xcconfig */;
			buildSettings = {
				ALWAYS_EMBED_SWIFT_STANDARD_LIBRARIES = YES;
				ASSETCATALOG_COMPILER_APPICON_NAME = AppIcon;
				CODE_SIGN_STYLE = Automatic;
				DEVELOPMENT_TEAM = C94329WK33;
				INFOPLIST_FILE = OYE/Info.plist;
				LD_RUNPATH_SEARCH_PATHS = "$(inherited) @executable_path/Frameworks";
				PRODUCT_BUNDLE_IDENTIFIER = com.hiscene.jt.OYE;
				PRODUCT_NAME = "$(TARGET_NAME)";
				SWIFT_VERSION = 4.0;
				TARGETED_DEVICE_FAMILY = "1,2";
			};
			name = Debug;
		};
		6BE755B31F7F4A71004C88AB /* Release */ = {
			isa = XCBuildConfiguration;
			baseConfigurationReference = 6D642C55F649F74C41EB83BD /* Pods-OYE.release.xcconfig */;
			buildSettings = {
				ALWAYS_EMBED_SWIFT_STANDARD_LIBRARIES = YES;
				ASSETCATALOG_COMPILER_APPICON_NAME = AppIcon;
				CODE_SIGN_STYLE = Automatic;
				DEVELOPMENT_TEAM = C94329WK33;
				INFOPLIST_FILE = OYE/Info.plist;
				LD_RUNPATH_SEARCH_PATHS = "$(inherited) @executable_path/Frameworks";
				PRODUCT_BUNDLE_IDENTIFIER = com.hiscene.jt.OYE;
				PRODUCT_NAME = "$(TARGET_NAME)";
				SWIFT_VERSION = 4.0;
				TARGETED_DEVICE_FAMILY = "1,2";
			};
			name = Release;
		};
/* End XCBuildConfiguration section */

/* Begin XCConfigurationList section */
		6BE7559A1F7F4A71004C88AB /* Build configuration list for PBXProject "OYE" */ = {
			isa = XCConfigurationList;
			buildConfigurations = (
				6BE755AF1F7F4A71004C88AB /* Debug */,
				6BE755B01F7F4A71004C88AB /* Release */,
			);
			defaultConfigurationIsVisible = 0;
			defaultConfigurationName = Release;
		};
		6BE755B11F7F4A71004C88AB /* Build configuration list for PBXNativeTarget "OYE" */ = {
			isa = XCConfigurationList;
			buildConfigurations = (
				6BE755B21F7F4A71004C88AB /* Debug */,
				6BE755B31F7F4A71004C88AB /* Release */,
			);
			defaultConfigurationIsVisible = 0;
			defaultConfigurationName = Release;
		};
/* End XCConfigurationList section */
	};
	rootObject = 6BE755971F7F4A71004C88AB /* Project object */;
}
